
Microsoft Visual Studio Solution File, Format Version 12.00
# Visual Studio Version 17
VisualStudioVersion = 17.14.36429.23 d17.14
MinimumVisualStudioVersion = 10.0.40219.1
Project("{FAE04EC0-301F-11D3-BF4B-00C04F79EFBC}") = "ECommerce.Api", "ECommerce.Api\ECommerce.Api.csproj", "{A757BC27-A53D-40A0-AAD5-0464458C2CCD}"
EndProject
Global
	GlobalSection(SolutionConfigurationPlatforms) = preSolution
		Debug|Any CPU = Debug|Any CPU
		Release|Any CPU = Release|Any CPU
	EndGlobalSection
	GlobalSection(ProjectConfigurationPlatforms) = postSolution
		{A757BC27-A53D-40A0-AAD5-0464458C2CCD}.Debug|Any CPU.ActiveCfg = Debug|Any CPU
		{A757BC27-A53D-40A0-AAD5-0464458C2CCD}.Debug|Any CPU.Build.0 = Debug|Any CPU
		{A757BC27-A53D-40A0-AAD5-0464458C2CCD}.Release|Any CPU.ActiveCfg = Release|Any CPU
		{A757BC27-A53D-40A0-AAD5-0464458C2CCD}.Release|Any CPU.Build.0 = Release|Any CPU
	EndGlobalSection
	GlobalSection(SolutionProperties) = preSolution
		HideSolutionNode = FALSE
	EndGlobalSection
	GlobalSection(ExtensibilityGlobals) = postSolution
		SolutionGuid = {F4994DB2-C1CA-4E6C-A33E-D8B31B31E8B0}
	EndGlobalSection
EndGlobal
